
Microsoft Visual Studio Solution File, Format Version 12.00
# Visual Studio 15
VisualStudioVersion = 15.0.27703.2026
MinimumVisualStudioVersion = 10.0.40219.1
Project("{FAE04EC0-301F-11D3-BF4B-00C04F79EFBC}") = "RegisterNewClient.Android", "RegisterNewClient\RegisterNewClient.Android\RegisterNewClient.Android.csproj", "{F1B5D61A-85A8-4A05-A662-263FE961725E}"
EndProject
Project("{FAE04EC0-301F-11D3-BF4B-00C04F79EFBC}") = "RegisterNewClient.iOS", "RegisterNewClient\RegisterNewClient.iOS\RegisterNewClient.iOS.csproj", "{1E480013-696A-4A8B-BB9B-EED66AF644FE}"
EndProject
Project("{FAE04EC0-301F-11D3-BF4B-00C04F79EFBC}") = "RegisterNewClient.UWP", "RegisterNewClient\RegisterNewClient.UWP\RegisterNewClient.UWP.csproj", "{FE98A5C6-6F9C-41E7-A8F9-4C36F0B0E69A}"
EndProject
Project("{9A19103F-16F7-4668-BE54-9A1E7A4F7556}") = "RegisterNewClient", "RegisterNewClient\RegisterNewClient\RegisterNewClient.csproj", "{20454420-25EF-4529-91D0-51F2074912FE}"
EndProject
Project("{FAE04EC0-301F-11D3-BF4B-00C04F79EFBC}") = "RegisterNewClientTest", "RegisterNewClientTest\RegisterNewClientTest.csproj", "{7FB1905C-06D4-4C31-9103-70EC6C1C0B60}"
EndProject
Global
	GlobalSection(SolutionConfigurationPlatforms) = preSolution
		Ad-Hoc|Any CPU = Ad-Hoc|Any CPU
		Ad-Hoc|ARM = Ad-Hoc|ARM
		Ad-Hoc|iPhone = Ad-Hoc|iPhone
		Ad-Hoc|iPhoneSimulator = Ad-Hoc|iPhoneSimulator
		Ad-Hoc|x64 = Ad-Hoc|x64
		Ad-Hoc|x86 = Ad-Hoc|x86
		AppStore|Any CPU = AppStore|Any CPU
		AppStore|ARM = AppStore|ARM
		AppStore|iPhone = AppStore|iPhone
		AppStore|iPhoneSimulator = AppStore|iPhoneSimulator
		AppStore|x64 = AppStore|x64
		AppStore|x86 = AppStore|x86
		Debug|Any CPU = Debug|Any CPU
		Debug|ARM = Debug|ARM
		Debug|iPhone = Debug|iPhone
		Debug|iPhoneSimulator = Debug|iPhoneSimulator
		Debug|x64 = Debug|x64
		Debug|x86 = Debug|x86
		Release|Any CPU = Release|Any CPU
		Release|ARM = Release|ARM
		Release|iPhone = Release|iPhone
		Release|iPhoneSimulator = Release|iPhoneSimulator
		Release|x64 = Release|x64
		Release|x86 = Release|x86
	EndGlobalSection
	GlobalSection(ProjectConfigurationPlatforms) = postSolution
		{F1B5D61A-85A8-4A05-A662-263FE961725E}.Ad-Hoc|Any CPU.ActiveCfg = Release|Any CPU
		{F1B5D61A-85A8-4A05-A662-263FE961725E}.Ad-Hoc|Any CPU.Build.0 = Release|Any CPU
		{F1B5D61A-85A8-4A05-A662-263FE961725E}.Ad-Hoc|Any CPU.Deploy.0 = Release|Any CPU
		{F1B5D61A-85A8-4A05-A662-263FE961725E}.Ad-Hoc|ARM.ActiveCfg = Release|Any CPU
		{F1B5D61A-85A8-4A05-A662-263FE961725E}.Ad-Hoc|ARM.Build.0 = Release|Any CPU
		{F1B5D61A-85A8-4A05-A662-263FE961725E}.Ad-Hoc|ARM.Deploy.0 = Release|Any CPU
		{F1B5D61A-85A8-4A05-A662-263FE961725E}.Ad-Hoc|iPhone.ActiveCfg = Release|Any CPU
		{F1B5D61A-85A8-4A05-A662-263FE961725E}.Ad-Hoc|iPhone.Build.0 = Release|Any CPU
		{F1B5D61A-85A8-4A05-A662-263FE961725E}.Ad-Hoc|iPhone.Deploy.0 = Release|Any CPU
		{F1B5D61A-85A8-4A05-A662-263FE961725E}.Ad-Hoc|iPhoneSimulator.ActiveCfg = Release|Any CPU
		{F1B5D61A-85A8-4A05-A662-263FE961725E}.Ad-Hoc|iPhoneSimulator.Build.0 = Release|Any CPU
		{F1B5D61A-85A8-4A05-A662-263FE961725E}.Ad-Hoc|iPhoneSimulator.Deploy.0 = Release|Any CPU
		{F1B5D61A-85A8-4A05-A662-263FE961725E}.Ad-Hoc|x64.ActiveCfg = Release|Any CPU
		{F1B5D61A-85A8-4A05-A662-263FE961725E}.Ad-Hoc|x64.Build.0 = Release|Any CPU
		{F1B5D61A-85A8-4A05-A662-263FE961725E}.Ad-Hoc|x64.Deploy.0 = Release|Any CPU
		{F1B5D61A-85A8-4A05-A662-263FE961725E}.Ad-Hoc|x86.ActiveCfg = Release|Any CPU
		{F1B5D61A-85A8-4A05-A662-263FE961725E}.Ad-Hoc|x86.Build.0 = Release|Any CPU
		{F1B5D61A-85A8-4A05-A662-263FE961725E}.Ad-Hoc|x86.Deploy.0 = Release|Any CPU
		{F1B5D61A-85A8-4A05-A662-263FE961725E}.AppStore|Any CPU.ActiveCfg = Release|Any CPU
		{F1B5D61A-85A8-4A05-A662-263FE961725E}.AppStore|Any CPU.Build.0 = Release|Any CPU
		{F1B5D61A-85A8-4A05-A662-263FE961725E}.AppStore|Any CPU.Deploy.0 = Release|Any CPU
		{F1B5D61A-85A8-4A05-A662-263FE961725E}.AppStore|ARM.ActiveCfg = Release|Any CPU
		{F1B5D61A-85A8-4A05-A662-263FE961725E}.AppStore|ARM.Build.0 = Release|Any CPU
		{F1B5D61A-85A8-4A05-A662-263FE961725E}.AppStore|ARM.Deploy.0 = Release|Any CPU
		{F1B5D61A-85A8-4A05-A662-263FE961725E}.AppStore|iPhone.ActiveCfg = Release|Any CPU
		{F1B5D61A-85A8-4A05-A662-263FE961725E}.AppStore|iPhone.Build.0 = Release|Any CPU
		{F1B5D61A-85A8-4A05-A662-263FE961725E}.AppStore|iPhone.Deploy.0 = Release|Any CPU
		{F1B5D61A-85A8-4A05-A662-263FE961725E}.AppStore|iPhoneSimulator.ActiveCfg = Release|Any CPU
		{F1B5D61A-85A8-4A05-A662-263FE961725E}.AppStore|iPhoneSimulator.Build.0 = Release|Any CPU
		{F1B5D61A-85A8-4A05-A662-263FE961725E}.AppStore|iPhoneSimulator.Deploy.0 = Release|Any CPU
		{F1B5D61A-85A8-4A05-A662-263FE961725E}.AppStore|x64.ActiveCfg = Release|Any CPU
		{F1B5D61A-85A8-4A05-A662-263FE961725E}.AppStore|x64.Build.0 = Release|Any CPU
		{F1B5D61A-85A8-4A05-A662-263FE961725E}.AppStore|x64.Deploy.0 = Release|Any CPU
		{F1B5D61A-85A8-4A05-A662-263FE961725E}.AppStore|x86.ActiveCfg = Release|Any CPU
		{F1B5D61A-85A8-4A05-A662-263FE961725E}.AppStore|x86.Build.0 = Release|Any CPU
		{F1B5D61A-85A8-4A05-A662-263FE961725E}.AppStore|x86.Deploy.0 = Release|Any CPU
		{F1B5D61A-85A8-4A05-A662-263FE961725E}.Debug|Any CPU.ActiveCfg = Debug|Any CPU
		{F1B5D61A-85A8-4A05-A662-263FE961725E}.Debug|Any CPU.Build.0 = Debug|Any CPU
		{F1B5D61A-85A8-4A05-A662-263FE961725E}.Debug|Any CPU.Deploy.0 = Debug|Any CPU
		{F1B5D61A-85A8-4A05-A662-263FE961725E}.Debug|ARM.ActiveCfg = Debug|Any CPU
		{F1B5D61A-85A8-4A05-A662-263FE961725E}.Debug|ARM.Build.0 = Debug|Any CPU
		{F1B5D61A-85A8-4A05-A662-263FE961725E}.Debug|ARM.Deploy.0 = Debug|Any CPU
		{F1B5D61A-85A8-4A05-A662-263FE961725E}.Debug|iPhone.ActiveCfg = Debug|Any CPU
		{F1B5D61A-85A8-4A05-A662-263FE961725E}.Debug|iPhone.Build.0 = Debug|Any CPU
		{F1B5D61A-85A8-4A05-A662-263FE961725E}.Debug|iPhone.Deploy.0 = Debug|Any CPU
		{F1B5D61A-85A8-4A05-A662-263FE961725E}.Debug|iPhoneSimulator.ActiveCfg = Debug|Any CPU
		{F1B5D61A-85A8-4A05-A662-263FE961725E}.Debug|iPhoneSimulator.Build.0 = Debug|Any CPU
		{F1B5D61A-85A8-4A05-A662-263FE961725E}.Debug|iPhoneSimulator.Deploy.0 = Debug|Any CPU
		{F1B5D61A-85A8-4A05-A662-263FE961725E}.Debug|x64.ActiveCfg = Debug|Any CPU
		{F1B5D61A-85A8-4A05-A662-263FE961725E}.Debug|x64.Build.0 = Debug|Any CPU
		{F1B5D61A-85A8-4A05-A662-263FE961725E}.Debug|x64.Deploy.0 = Debug|Any CPU
		{F1B5D61A-85A8-4A05-A662-263FE961725E}.Debug|x86.ActiveCfg = Debug|Any CPU
		{F1B5D61A-85A8-4A05-A662-263FE961725E}.Debug|x86.Build.0 = Debug|Any CPU
		{F1B5D61A-85A8-4A05-A662-263FE961725E}.Debug|x86.Deploy.0 = Debug|Any CPU
		{F1B5D61A-85A8-4A05-A662-263FE961725E}.Release|Any CPU.ActiveCfg = Release|Any CPU
		{F1B5D61A-85A8-4A05-A662-263FE961725E}.Release|Any CPU.Build.0 = Release|Any CPU
		{F1B5D61A-85A8-4A05-A662-263FE961725E}.Release|Any CPU.Deploy.0 = Release|Any CPU
		{F1B5D61A-85A8-4A05-A662-263FE961725E}.Release|ARM.ActiveCfg = Release|Any CPU
		{F1B5D61A-85A8-4A05-A662-263FE961725E}.Release|ARM.Build.0 = Release|Any CPU
		{F1B5D61A-85A8-4A05-A662-263FE961725E}.Release|ARM.Deploy.0 = Release|Any CPU
		{F1B5D61A-85A8-4A05-A662-263FE961725E}.Release|iPhone.ActiveCfg = Release|Any CPU
		{F1B5D61A-85A8-4A05-A662-263FE961725E}.Release|iPhone.Build.0 = Release|Any CPU
		{F1B5D61A-85A8-4A05-A662-263FE961725E}.Release|iPhone.Deploy.0 = Release|Any CPU
		{F1B5D61A-85A8-4A05-A662-263FE961725E}.Release|iPhoneSimulator.ActiveCfg = Release|Any CPU
		{F1B5D61A-85A8-4A05-A662-263FE961725E}.Release|iPhoneSimulator.Build.0 = Release|Any CPU
		{F1B5D61A-85A8-4A05-A662-263FE961725E}.Release|iPhoneSimulator.Deploy.0 = Release|Any CPU
		{F1B5D61A-85A8-4A05-A662-263FE961725E}.Release|x64.ActiveCfg = Release|Any CPU
		{F1B5D61A-85A8-4A05-A662-263FE961725E}.Release|x64.Build.0 = Release|Any CPU
		{F1B5D61A-85A8-4A05-A662-263FE961725E}.Release|x64.Deploy.0 = Release|Any CPU
		{F1B5D61A-85A8-4A05-A662-263FE961725E}.Release|x86.ActiveCfg = Release|Any CPU
		{F1B5D61A-85A8-4A05-A662-263FE961725E}.Release|x86.Build.0 = Release|Any CPU
		{F1B5D61A-85A8-4A05-A662-263FE961725E}.Release|x86.Deploy.0 = Release|Any CPU
		{1E480013-696A-4A8B-BB9B-EED66AF644FE}.Ad-Hoc|Any CPU.ActiveCfg = Ad-Hoc|iPhone
		{1E480013-696A-4A8B-BB9B-EED66AF644FE}.Ad-Hoc|Any CPU.Build.0 = Ad-Hoc|iPhone
		{1E480013-696A-4A8B-BB9B-EED66AF644FE}.Ad-Hoc|Any CPU.Deploy.0 = Ad-Hoc|iPhone
		{1E480013-696A-4A8B-BB9B-EED66AF644FE}.Ad-Hoc|ARM.ActiveCfg = Ad-Hoc|iPhone
		{1E480013-696A-4A8B-BB9B-EED66AF644FE}.Ad-Hoc|ARM.Build.0 = Ad-Hoc|iPhone
		{1E480013-696A-4A8B-BB9B-EED66AF644FE}.Ad-Hoc|ARM.Deploy.0 = Ad-Hoc|iPhone
		{1E480013-696A-4A8B-BB9B-EED66AF644FE}.Ad-Hoc|iPhone.ActiveCfg = Ad-Hoc|iPhone
		{1E480013-696A-4A8B-BB9B-EED66AF644FE}.Ad-Hoc|iPhone.Build.0 = Ad-Hoc|iPhone
		{1E480013-696A-4A8B-BB9B-EED66AF644FE}.Ad-Hoc|iPhone.Deploy.0 = Ad-Hoc|iPhone
		{1E480013-696A-4A8B-BB9B-EED66AF644FE}.Ad-Hoc|iPhoneSimulator.ActiveCfg = Ad-Hoc|iPhoneSimulator
		{1E480013-696A-4A8B-BB9B-EED66AF644FE}.Ad-Hoc|iPhoneSimulator.Build.0 = Ad-Hoc|iPhoneSimulator
		{1E480013-696A-4A8B-BB9B-EED66AF644FE}.Ad-Hoc|iPhoneSimulator.Deploy.0 = Ad-Hoc|iPhoneSimulator
		{1E480013-696A-4A8B-BB9B-EED66AF644FE}.Ad-Hoc|x64.ActiveCfg = Ad-Hoc|iPhone
		{1E480013-696A-4A8B-BB9B-EED66AF644FE}.Ad-Hoc|x64.Build.0 = Ad-Hoc|iPhone
		{1E480013-696A-4A8B-BB9B-EED66AF644FE}.Ad-Hoc|x64.Deploy.0 = Ad-Hoc|iPhone
		{1E480013-696A-4A8B-BB9B-EED66AF644FE}.Ad-Hoc|x86.ActiveCfg = Ad-Hoc|iPhone
		{1E480013-696A-4A8B-BB9B-EED66AF644FE}.Ad-Hoc|x86.Build.0 = Ad-Hoc|iPhone
		{1E480013-696A-4A8B-BB9B-EED66AF644FE}.Ad-Hoc|x86.Deploy.0 = Ad-Hoc|iPhone
		{1E480013-696A-4A8B-BB9B-EED66AF644FE}.AppStore|Any CPU.ActiveCfg = AppStore|iPhone
		{1E480013-696A-4A8B-BB9B-EED66AF644FE}.AppStore|Any CPU.Build.0 = AppStore|iPhone
		{1E480013-696A-4A8B-BB9B-EED66AF644FE}.AppStore|Any CPU.Deploy.0 = AppStore|iPhone
		{1E480013-696A-4A8B-BB9B-EED66AF644FE}.AppStore|ARM.ActiveCfg = AppStore|iPhone
		{1E480013-696A-4A8B-BB9B-EED66AF644FE}.AppStore|ARM.Build.0 = AppStore|iPhone
		{1E480013-696A-4A8B-BB9B-EED66AF644FE}.AppStore|ARM.Deploy.0 = AppStore|iPhone
		{1E480013-696A-4A8B-BB9B-EED66AF644FE}.AppStore|iPhone.ActiveCfg = AppStore|iPhone
		{1E480013-696A-4A8B-BB9B-EED66AF644FE}.AppStore|iPhone.Build.0 = AppStore|iPhone
		{1E480013-696A-4A8B-BB9B-EED66AF644FE}.AppStore|iPhone.Deploy.0 = AppStore|iPhone
		{1E480013-696A-4A8B-BB9B-EED66AF644FE}.AppStore|iPhoneSimulator.ActiveCfg = AppStore|iPhoneSimulator
		{1E480013-696A-4A8B-BB9B-EED66AF644FE}.AppStore|iPhoneSimulator.Build.0 = AppStore|iPhoneSimulator
		{1E480013-696A-4A8B-BB9B-EED66AF644FE}.AppStore|iPhoneSimulator.Deploy.0 = AppStore|iPhoneSimulator
		{1E480013-696A-4A8B-BB9B-EED66AF644FE}.AppStore|x64.ActiveCfg = AppStore|iPhone
		{1E480013-696A-4A8B-BB9B-EED66AF644FE}.AppStore|x64.Build.0 = AppStore|iPhone
		{1E480013-696A-4A8B-BB9B-EED66AF644FE}.AppStore|x64.Deploy.0 = AppStore|iPhone
		{1E480013-696A-4A8B-BB9B-EED66AF644FE}.AppStore|x86.ActiveCfg = AppStore|iPhone
		{1E480013-696A-4A8B-BB9B-EED66AF644FE}.AppStore|x86.Build.0 = AppStore|iPhone
		{1E480013-696A-4A8B-BB9B-EED66AF644FE}.AppStore|x86.Deploy.0 = AppStore|iPhone
		{1E480013-696A-4A8B-BB9B-EED66AF644FE}.Debug|Any CPU.ActiveCfg = Debug|iPhoneSimulator
		{1E480013-696A-4A8B-BB9B-EED66AF644FE}.Debug|Any CPU.Build.0 = Debug|iPhoneSimulator
		{1E480013-696A-4A8B-BB9B-EED66AF644FE}.Debug|Any CPU.Deploy.0 = Debug|iPhoneSimulator
		{1E480013-696A-4A8B-BB9B-EED66AF644FE}.Debug|ARM.ActiveCfg = Debug|iPhone
		{1E480013-696A-4A8B-BB9B-EED66AF644FE}.Debug|ARM.Build.0 = Debug|iPhone
		{1E480013-696A-4A8B-BB9B-EED66AF644FE}.Debug|ARM.Deploy.0 = Debug|iPhone
		{1E480013-696A-4A8B-BB9B-EED66AF644FE}.Debug|iPhone.ActiveCfg = Debug|iPhone
		{1E480013-696A-4A8B-BB9B-EED66AF644FE}.Debug|iPhone.Build.0 = Debug|iPhone
		{1E480013-696A-4A8B-BB9B-EED66AF644FE}.Debug|iPhone.Deploy.0 = Debug|iPhone
		{1E480013-696A-4A8B-BB9B-EED66AF644FE}.Debug|iPhoneSimulator.ActiveCfg = Debug|iPhoneSimulator
		{1E480013-696A-4A8B-BB9B-EED66AF644FE}.Debug|iPhoneSimulator.Build.0 = Debug|iPhoneSimulator
		{1E480013-696A-4A8B-BB9B-EED66AF644FE}.Debug|iPhoneSimulator.Deploy.0 = Debug|iPhoneSimulator
		{1E480013-696A-4A8B-BB9B-EED66AF644FE}.Debug|x64.ActiveCfg = Debug|iPhone
		{1E480013-696A-4A8B-BB9B-EED66AF644FE}.Debug|x64.Build.0 = Debug|iPhone
		{1E480013-696A-4A8B-BB9B-EED66AF644FE}.Debug|x64.Deploy.0 = Debug|iPhone
		{1E480013-696A-4A8B-BB9B-EED66AF644FE}.Debug|x86.ActiveCfg = Debug|iPhone
		{1E480013-696A-4A8B-BB9B-EED66AF644FE}.Debug|x86.Build.0 = Debug|iPhone
		{1E480013-696A-4A8B-BB9B-EED66AF644FE}.Debug|x86.Deploy.0 = Debug|iPhone
		{1E480013-696A-4A8B-BB9B-EED66AF644FE}.Release|Any CPU.ActiveCfg = Release|iPhone
		{1E480013-696A-4A8B-BB9B-EED66AF644FE}.Release|Any CPU.Build.0 = Release|iPhone
		{1E480013-696A-4A8B-BB9B-EED66AF644FE}.Release|Any CPU.Deploy.0 = Release|iPhone
		{1E480013-696A-4A8B-BB9B-EED66AF644FE}.Release|ARM.ActiveCfg = Release|iPhone
		{1E480013-696A-4A8B-BB9B-EED66AF644FE}.Release|ARM.Build.0 = Release|iPhone
		{1E480013-696A-4A8B-BB9B-EED66AF644FE}.Release|ARM.Deploy.0 = Release|iPhone
		{1E480013-696A-4A8B-BB9B-EED66AF644FE}.Release|iPhone.ActiveCfg = Release|iPhone
		{1E480013-696A-4A8B-BB9B-EED66AF644FE}.Release|iPhone.Build.0 = Release|iPhone
		{1E480013-696A-4A8B-BB9B-EED66AF644FE}.Release|iPhone.Deploy.0 = Release|iPhone
		{1E480013-696A-4A8B-BB9B-EED66AF644FE}.Release|iPhoneSimulator.ActiveCfg = Release|iPhoneSimulator
		{1E480013-696A-4A8B-BB9B-EED66AF644FE}.Release|iPhoneSimulator.Build.0 = Release|iPhoneSimulator
		{1E480013-696A-4A8B-BB9B-EED66AF644FE}.Release|iPhoneSimulator.Deploy.0 = Release|iPhoneSimulator
		{1E480013-696A-4A8B-BB9B-EED66AF644FE}.Release|x64.ActiveCfg = Release|iPhone
		{1E480013-696A-4A8B-BB9B-EED66AF644FE}.Release|x64.Build.0 = Release|iPhone
		{1E480013-696A-4A8B-BB9B-EED66AF644FE}.Release|x64.Deploy.0 = Release|iPhone
		{1E480013-696A-4A8B-BB9B-EED66AF644FE}.Release|x86.ActiveCfg = Release|iPhone
		{1E480013-696A-4A8B-BB9B-EED66AF644FE}.Release|x86.Build.0 = Release|iPhone
		{1E480013-696A-4A8B-BB9B-EED66AF644FE}.Release|x86.Deploy.0 = Release|iPhone
		{FE98A5C6-6F9C-41E7-A8F9-4C36F0B0E69A}.Ad-Hoc|Any CPU.ActiveCfg = Release|x86
		{FE98A5C6-6F9C-41E7-A8F9-4C36F0B0E69A}.Ad-Hoc|Any CPU.Build.0 = Release|x86
		{FE98A5C6-6F9C-41E7-A8F9-4C36F0B0E69A}.Ad-Hoc|Any CPU.Deploy.0 = Release|x86
		{FE98A5C6-6F9C-41E7-A8F9-4C36F0B0E69A}.Ad-Hoc|ARM.ActiveCfg = Release|ARM
		{FE98A5C6-6F9C-41E7-A8F9-4C36F0B0E69A}.Ad-Hoc|ARM.Build.0 = Release|ARM
		{FE98A5C6-6F9C-41E7-A8F9-4C36F0B0E69A}.Ad-Hoc|ARM.Deploy.0 = Release|ARM
		{FE98A5C6-6F9C-41E7-A8F9-4C36F0B0E69A}.Ad-Hoc|iPhone.ActiveCfg = Release|x86
		{FE98A5C6-6F9C-41E7-A8F9-4C36F0B0E69A}.Ad-Hoc|iPhone.Build.0 = Release|x86
		{FE98A5C6-6F9C-41E7-A8F9-4C36F0B0E69A}.Ad-Hoc|iPhone.Deploy.0 = Release|x86
		{FE98A5C6-6F9C-41E7-A8F9-4C36F0B0E69A}.Ad-Hoc|iPhoneSimulator.ActiveCfg = Release|x86
		{FE98A5C6-6F9C-41E7-A8F9-4C36F0B0E69A}.Ad-Hoc|iPhoneSimulator.Build.0 = Release|x86
		{FE98A5C6-6F9C-41E7-A8F9-4C36F0B0E69A}.Ad-Hoc|iPhoneSimulator.Deploy.0 = Release|x86
		{FE98A5C6-6F9C-41E7-A8F9-4C36F0B0E69A}.Ad-Hoc|x64.ActiveCfg = Release|x64
		{FE98A5C6-6F9C-41E7-A8F9-4C36F0B0E69A}.Ad-Hoc|x64.Build.0 = Release|x64
		{FE98A5C6-6F9C-41E7-A8F9-4C36F0B0E69A}.Ad-Hoc|x64.Deploy.0 = Release|x64
		{FE98A5C6-6F9C-41E7-A8F9-4C36F0B0E69A}.Ad-Hoc|x86.ActiveCfg = Release|x86
		{FE98A5C6-6F9C-41E7-A8F9-4C36F0B0E69A}.Ad-Hoc|x86.Build.0 = Release|x86
		{FE98A5C6-6F9C-41E7-A8F9-4C36F0B0E69A}.Ad-Hoc|x86.Deploy.0 = Release|x86
		{FE98A5C6-6F9C-41E7-A8F9-4C36F0B0E69A}.AppStore|Any CPU.ActiveCfg = Release|x86
		{FE98A5C6-6F9C-41E7-A8F9-4C36F0B0E69A}.AppStore|Any CPU.Build.0 = Release|x86
		{FE98A5C6-6F9C-41E7-A8F9-4C36F0B0E69A}.AppStore|Any CPU.Deploy.0 = Release|x86
		{FE98A5C6-6F9C-41E7-A8F9-4C36F0B0E69A}.AppStore|ARM.ActiveCfg = Release|ARM
		{FE98A5C6-6F9C-41E7-A8F9-4C36F0B0E69A}.AppStore|ARM.Build.0 = Release|ARM
		{FE98A5C6-6F9C-41E7-A8F9-4C36F0B0E69A}.AppStore|ARM.Deploy.0 = Release|ARM
		{FE98A5C6-6F9C-41E7-A8F9-4C36F0B0E69A}.AppStore|iPhone.ActiveCfg = Release|x86
		{FE98A5C6-6F9C-41E7-A8F9-4C36F0B0E69A}.AppStore|iPhone.Build.0 = Release|x86
		{FE98A5C6-6F9C-41E7-A8F9-4C36F0B0E69A}.AppStore|iPhone.Deploy.0 = Release|x86
		{FE98A5C6-6F9C-41E7-A8F9-4C36F0B0E69A}.AppStore|iPhoneSimulator.ActiveCfg = Release|x86
		{FE98A5C6-6F9C-41E7-A8F9-4C36F0B0E69A}.AppStore|iPhoneSimulator.Build.0 = Release|x86
		{FE98A5C6-6F9C-41E7-A8F9-4C36F0B0E69A}.AppStore|iPhoneSimulator.Deploy.0 = Release|x86
		{FE98A5C6-6F9C-41E7-A8F9-4C36F0B0E69A}.AppStore|x64.ActiveCfg = Release|x64
		{FE98A5C6-6F9C-41E7-A8F9-4C36F0B0E69A}.AppStore|x64.Build.0 = Release|x64
		{FE98A5C6-6F9C-41E7-A8F9-4C36F0B0E69A}.AppStore|x64.Deploy.0 = Release|x64
		{FE98A5C6-6F9C-41E7-A8F9-4C36F0B0E69A}.AppStore|x86.ActiveCfg = Release|x86
		{FE98A5C6-6F9C-41E7-A8F9-4C36F0B0E69A}.AppStore|x86.Build.0 = Release|x86
		{FE98A5C6-6F9C-41E7-A8F9-4C36F0B0E69A}.AppStore|x86.Deploy.0 = Release|x86
		{FE98A5C6-6F9C-41E7-A8F9-4C36F0B0E69A}.Debug|Any CPU.ActiveCfg = Debug|x86
		{FE98A5C6-6F9C-41E7-A8F9-4C36F0B0E69A}.Debug|Any CPU.Build.0 = Debug|x86
		{FE98A5C6-6F9C-41E7-A8F9-4C36F0B0E69A}.Debug|Any CPU.Deploy.0 = Debug|x86
		{FE98A5C6-6F9C-41E7-A8F9-4C36F0B0E69A}.Debug|ARM.ActiveCfg = Debug|ARM
		{FE98A5C6-6F9C-41E7-A8F9-4C36F0B0E69A}.Debug|ARM.Build.0 = Debug|ARM
		{FE98A5C6-6F9C-41E7-A8F9-4C36F0B0E69A}.Debug|ARM.Deploy.0 = Debug|ARM
		{FE98A5C6-6F9C-41E7-A8F9-4C36F0B0E69A}.Debug|iPhone.ActiveCfg = Debug|x86
		{FE98A5C6-6F9C-41E7-A8F9-4C36F0B0E69A}.Debug|iPhone.Build.0 = Debug|x86
		{FE98A5C6-6F9C-41E7-A8F9-4C36F0B0E69A}.Debug|iPhone.Deploy.0 = Debug|x86
		{FE98A5C6-6F9C-41E7-A8F9-4C36F0B0E69A}.Debug|iPhoneSimulator.ActiveCfg = Debug|x86
		{FE98A5C6-6F9C-41E7-A8F9-4C36F0B0E69A}.Debug|iPhoneSimulator.Build.0 = Debug|x86
		{FE98A5C6-6F9C-41E7-A8F9-4C36F0B0E69A}.Debug|iPhoneSimulator.Deploy.0 = Debug|x86
		{FE98A5C6-6F9C-41E7-A8F9-4C36F0B0E69A}.Debug|x64.ActiveCfg = Debug|x64
		{FE98A5C6-6F9C-41E7-A8F9-4C36F0B0E69A}.Debug|x64.Build.0 = Debug|x64
		{FE98A5C6-6F9C-41E7-A8F9-4C36F0B0E69A}.Debug|x64.Deploy.0 = Debug|x64
		{FE98A5C6-6F9C-41E7-A8F9-4C36F0B0E69A}.Debug|x86.ActiveCfg = Debug|x86
		{FE98A5C6-6F9C-41E7-A8F9-4C36F0B0E69A}.Debug|x86.Build.0 = Debug|x86
		{FE98A5C6-6F9C-41E7-A8F9-4C36F0B0E69A}.Debug|x86.Deploy.0 = Debug|x86
		{FE98A5C6-6F9C-41E7-A8F9-4C36F0B0E69A}.Release|Any CPU.ActiveCfg = Release|x86
		{FE98A5C6-6F9C-41E7-A8F9-4C36F0B0E69A}.Release|Any CPU.Build.0 = Release|x86
		{FE98A5C6-6F9C-41E7-A8F9-4C36F0B0E69A}.Release|Any CPU.Deploy.0 = Release|x86
		{FE98A5C6-6F9C-41E7-A8F9-4C36F0B0E69A}.Release|ARM.ActiveCfg = Release|ARM
		{FE98A5C6-6F9C-41E7-A8F9-4C36F0B0E69A}.Release|ARM.Build.0 = Release|ARM
		{FE98A5C6-6F9C-41E7-A8F9-4C36F0B0E69A}.Release|ARM.Deploy.0 = Release|ARM
		{FE98A5C6-6F9C-41E7-A8F9-4C36F0B0E69A}.Release|iPhone.ActiveCfg = Release|x86
		{FE98A5C6-6F9C-41E7-A8F9-4C36F0B0E69A}.Release|iPhone.Build.0 = Release|x86
		{FE98A5C6-6F9C-41E7-A8F9-4C36F0B0E69A}.Release|iPhone.Deploy.0 = Release|x86
		{FE98A5C6-6F9C-41E7-A8F9-4C36F0B0E69A}.Release|iPhoneSimulator.ActiveCfg = Release|x86
		{FE98A5C6-6F9C-41E7-A8F9-4C36F0B0E69A}.Release|iPhoneSimulator.Build.0 = Release|x86
		{FE98A5C6-6F9C-41E7-A8F9-4C36F0B0E69A}.Release|iPhoneSimulator.Deploy.0 = Release|x86
		{FE98A5C6-6F9C-41E7-A8F9-4C36F0B0E69A}.Release|x64.ActiveCfg = Release|x64
		{FE98A5C6-6F9C-41E7-A8F9-4C36F0B0E69A}.Release|x64.Build.0 = Release|x64
		{FE98A5C6-6F9C-41E7-A8F9-4C36F0B0E69A}.Release|x64.Deploy.0 = Release|x64
		{FE98A5C6-6F9C-41E7-A8F9-4C36F0B0E69A}.Release|x86.ActiveCfg = Release|x86
		{FE98A5C6-6F9C-41E7-A8F9-4C36F0B0E69A}.Release|x86.Build.0 = Release|x86
		{FE98A5C6-6F9C-41E7-A8F9-4C36F0B0E69A}.Release|x86.Deploy.0 = Release|x86
		{20454420-25EF-4529-91D0-51F2074912FE}.Ad-Hoc|Any CPU.ActiveCfg = Debug|Any CPU
		{20454420-25EF-4529-91D0-51F2074912FE}.Ad-Hoc|Any CPU.Build.0 = Debug|Any CPU
		{20454420-25EF-4529-91D0-51F2074912FE}.Ad-Hoc|Any CPU.Deploy.0 = Debug|Any CPU
		{20454420-25EF-4529-91D0-51F2074912FE}.Ad-Hoc|ARM.ActiveCfg = Debug|Any CPU
		{20454420-25EF-4529-91D0-51F2074912FE}.Ad-Hoc|ARM.Build.0 = Debug|Any CPU
		{20454420-25EF-4529-91D0-51F2074912FE}.Ad-Hoc|ARM.Deploy.0 = Debug|Any CPU
		{20454420-25EF-4529-91D0-51F2074912FE}.Ad-Hoc|iPhone.ActiveCfg = Debug|Any CPU
		{20454420-25EF-4529-91D0-51F2074912FE}.Ad-Hoc|iPhone.Build.0 = Debug|Any CPU
		{20454420-25EF-4529-91D0-51F2074912FE}.Ad-Hoc|iPhone.Deploy.0 = Debug|Any CPU
		{20454420-25EF-4529-91D0-51F2074912FE}.Ad-Hoc|iPhoneSimulator.ActiveCfg = Debug|Any CPU
		{20454420-25EF-4529-91D0-51F2074912FE}.Ad-Hoc|iPhoneSimulator.Build.0 = Debug|Any CPU
		{20454420-25EF-4529-91D0-51F2074912FE}.Ad-Hoc|iPhoneSimulator.Deploy.0 = Debug|Any CPU
		{20454420-25EF-4529-91D0-51F2074912FE}.Ad-Hoc|x64.ActiveCfg = Debug|Any CPU
		{20454420-25EF-4529-91D0-51F2074912FE}.Ad-Hoc|x64.Build.0 = Debug|Any CPU
		{20454420-25EF-4529-91D0-51F2074912FE}.Ad-Hoc|x64.Deploy.0 = Debug|Any CPU
		{20454420-25EF-4529-91D0-51F2074912FE}.Ad-Hoc|x86.ActiveCfg = Debug|Any CPU
		{20454420-25EF-4529-91D0-51F2074912FE}.Ad-Hoc|x86.Build.0 = Debug|Any CPU
		{20454420-25EF-4529-91D0-51F2074912FE}.Ad-Hoc|x86.Deploy.0 = Debug|Any CPU
		{20454420-25EF-4529-91D0-51F2074912FE}.AppStore|Any CPU.ActiveCfg = Debug|Any CPU
		{20454420-25EF-4529-91D0-51F2074912FE}.AppStore|Any CPU.Build.0 = Debug|Any CPU
		{20454420-25EF-4529-91D0-51F2074912FE}.AppStore|Any CPU.Deploy.0 = Debug|Any CPU
		{20454420-25EF-4529-91D0-51F2074912FE}.AppStore|ARM.ActiveCfg = Debug|Any CPU
		{20454420-25EF-4529-91D0-51F2074912FE}.AppStore|ARM.Build.0 = Debug|Any CPU
		{20454420-25EF-4529-91D0-51F2074912FE}.AppStore|ARM.Deploy.0 = Debug|Any CPU
		{20454420-25EF-4529-91D0-51F2074912FE}.AppStore|iPhone.ActiveCfg = Debug|Any CPU
		{20454420-25EF-4529-91D0-51F2074912FE}.AppStore|iPhone.Build.0 = Debug|Any CPU
		{20454420-25EF-4529-91D0-51F2074912FE}.AppStore|iPhone.Deploy.0 = Debug|Any CPU
		{20454420-25EF-4529-91D0-51F2074912FE}.AppStore|iPhoneSimulator.ActiveCfg = Debug|Any CPU
		{20454420-25EF-4529-91D0-51F2074912FE}.AppStore|iPhoneSimulator.Build.0 = Debug|Any CPU
		{20454420-25EF-4529-91D0-51F2074912FE}.AppStore|iPhoneSimulator.Deploy.0 = Debug|Any CPU
		{20454420-25EF-4529-91D0-51F2074912FE}.AppStore|x64.ActiveCfg = Debug|Any CPU
		{20454420-25EF-4529-91D0-51F2074912FE}.AppStore|x64.Build.0 = Debug|Any CPU
		{20454420-25EF-4529-91D0-51F2074912FE}.AppStore|x64.Deploy.0 = Debug|Any CPU
		{20454420-25EF-4529-91D0-51F2074912FE}.AppStore|x86.ActiveCfg = Debug|Any CPU
		{20454420-25EF-4529-91D0-51F2074912FE}.AppStore|x86.Build.0 = Debug|Any CPU
		{20454420-25EF-4529-91D0-51F2074912FE}.AppStore|x86.Deploy.0 = Debug|Any CPU
		{20454420-25EF-4529-91D0-51F2074912FE}.Debug|Any CPU.ActiveCfg = Debug|Any CPU
		{20454420-25EF-4529-91D0-51F2074912FE}.Debug|Any CPU.Build.0 = Debug|Any CPU
		{20454420-25EF-4529-91D0-51F2074912FE}.Debug|Any CPU.Deploy.0 = Debug|Any CPU
		{20454420-25EF-4529-91D0-51F2074912FE}.Debug|ARM.ActiveCfg = Debug|Any CPU
		{20454420-25EF-4529-91D0-51F2074912FE}.Debug|ARM.Build.0 = Debug|Any CPU
		{20454420-25EF-4529-91D0-51F2074912FE}.Debug|ARM.Deploy.0 = Debug|Any CPU
		{20454420-25EF-4529-91D0-51F2074912FE}.Debug|iPhone.ActiveCfg = Debug|Any CPU
		{20454420-25EF-4529-91D0-51F2074912FE}.Debug|iPhone.Build.0 = Debug|Any CPU
		{20454420-25EF-4529-91D0-51F2074912FE}.Debug|iPhone.Deploy.0 = Debug|Any CPU
		{20454420-25EF-4529-91D0-51F2074912FE}.Debug|iPhoneSimulator.ActiveCfg = Debug|Any CPU
		{20454420-25EF-4529-91D0-51F2074912FE}.Debug|iPhoneSimulator.Build.0 = Debug|Any CPU
		{20454420-25EF-4529-91D0-51F2074912FE}.Debug|iPhoneSimulator.Deploy.0 = Debug|Any CPU
		{20454420-25EF-4529-91D0-51F2074912FE}.Debug|x64.ActiveCfg = Debug|Any CPU
		{20454420-25EF-4529-91D0-51F2074912FE}.Debug|x64.Build.0 = Debug|Any CPU
		{20454420-25EF-4529-91D0-51F2074912FE}.Debug|x64.Deploy.0 = Debug|Any CPU
		{20454420-25EF-4529-91D0-51F2074912FE}.Debug|x86.ActiveCfg = Debug|Any CPU
		{20454420-25EF-4529-91D0-51F2074912FE}.Debug|x86.Build.0 = Debug|Any CPU
		{20454420-25EF-4529-91D0-51F2074912FE}.Debug|x86.Deploy.0 = Debug|Any CPU
		{20454420-25EF-4529-91D0-51F2074912FE}.Release|Any CPU.ActiveCfg = Release|Any CPU
		{20454420-25EF-4529-91D0-51F2074912FE}.Release|Any CPU.Build.0 = Release|Any CPU
		{20454420-25EF-4529-91D0-51F2074912FE}.Release|Any CPU.Deploy.0 = Release|Any CPU
		{20454420-25EF-4529-91D0-51F2074912FE}.Release|ARM.ActiveCfg = Release|Any CPU
		{20454420-25EF-4529-91D0-51F2074912FE}.Release|ARM.Build.0 = Release|Any CPU
		{20454420-25EF-4529-91D0-51F2074912FE}.Release|ARM.Deploy.0 = Release|Any CPU
		{20454420-25EF-4529-91D0-51F2074912FE}.Release|iPhone.ActiveCfg = Release|Any CPU
		{20454420-25EF-4529-91D0-51F2074912FE}.Release|iPhone.Build.0 = Release|Any CPU
		{20454420-25EF-4529-91D0-51F2074912FE}.Release|iPhone.Deploy.0 = Release|Any CPU
		{20454420-25EF-4529-91D0-51F2074912FE}.Release|iPhoneSimulator.ActiveCfg = Release|Any CPU
		{20454420-25EF-4529-91D0-51F2074912FE}.Release|iPhoneSimulator.Build.0 = Release|Any CPU
		{20454420-25EF-4529-91D0-51F2074912FE}.Release|iPhoneSimulator.Deploy.0 = Release|Any CPU
		{20454420-25EF-4529-91D0-51F2074912FE}.Release|x64.ActiveCfg = Release|Any CPU
		{20454420-25EF-4529-91D0-51F2074912FE}.Release|x64.Build.0 = Release|Any CPU
		{20454420-25EF-4529-91D0-51F2074912FE}.Release|x64.Deploy.0 = Release|Any CPU
		{20454420-25EF-4529-91D0-51F2074912FE}.Release|x86.ActiveCfg = Release|Any CPU
		{20454420-25EF-4529-91D0-51F2074912FE}.Release|x86.Build.0 = Release|Any CPU
		{20454420-25EF-4529-91D0-51F2074912FE}.Release|x86.Deploy.0 = Release|Any CPU
		{7FB1905C-06D4-4C31-9103-70EC6C1C0B60}.Ad-Hoc|Any CPU.ActiveCfg = Release|Any CPU
		{7FB1905C-06D4-4C31-9103-70EC6C1C0B60}.Ad-Hoc|Any CPU.Build.0 = Release|Any CPU
		{7FB1905C-06D4-4C31-9103-70EC6C1C0B60}.Ad-Hoc|ARM.ActiveCfg = Release|Any CPU
		{7FB1905C-06D4-4C31-9103-70EC6C1C0B60}.Ad-Hoc|ARM.Build.0 = Release|Any CPU
		{7FB1905C-06D4-4C31-9103-70EC6C1C0B60}.Ad-Hoc|iPhone.ActiveCfg = Release|Any CPU
		{7FB1905C-06D4-4C31-9103-70EC6C1C0B60}.Ad-Hoc|iPhone.Build.0 = Release|Any CPU
		{7FB1905C-06D4-4C31-9103-70EC6C1C0B60}.Ad-Hoc|iPhoneSimulator.ActiveCfg = Release|Any CPU
		{7FB1905C-06D4-4C31-9103-70EC6C1C0B60}.Ad-Hoc|iPhoneSimulator.Build.0 = Release|Any CPU
		{7FB1905C-06D4-4C31-9103-70EC6C1C0B60}.Ad-Hoc|x64.ActiveCfg = Release|Any CPU
		{7FB1905C-06D4-4C31-9103-70EC6C1C0B60}.Ad-Hoc|x64.Build.0 = Release|Any CPU
		{7FB1905C-06D4-4C31-9103-70EC6C1C0B60}.Ad-Hoc|x86.ActiveCfg = Release|Any CPU
		{7FB1905C-06D4-4C31-9103-70EC6C1C0B60}.Ad-Hoc|x86.Build.0 = Release|Any CPU
		{7FB1905C-06D4-4C31-9103-70EC6C1C0B60}.AppStore|Any CPU.ActiveCfg = Release|Any CPU
		{7FB1905C-06D4-4C31-9103-70EC6C1C0B60}.AppStore|Any CPU.Build.0 = Release|Any CPU
		{7FB1905C-06D4-4C31-9103-70EC6C1C0B60}.AppStore|ARM.ActiveCfg = Release|Any CPU
		{7FB1905C-06D4-4C31-9103-70EC6C1C0B60}.AppStore|ARM.Build.0 = Release|Any CPU
		{7FB1905C-06D4-4C31-9103-70EC6C1C0B60}.AppStore|iPhone.ActiveCfg = Release|Any CPU
		{7FB1905C-06D4-4C31-9103-70EC6C1C0B60}.AppStore|iPhone.Build.0 = Release|Any CPU
		{7FB1905C-06D4-4C31-9103-70EC6C1C0B60}.AppStore|iPhoneSimulator.ActiveCfg = Release|Any CPU
		{7FB1905C-06D4-4C31-9103-70EC6C1C0B60}.AppStore|iPhoneSimulator.Build.0 = Release|Any CPU
		{7FB1905C-06D4-4C31-9103-70EC6C1C0B60}.AppStore|x64.ActiveCfg = Release|Any CPU
		{7FB1905C-06D4-4C31-9103-70EC6C1C0B60}.AppStore|x64.Build.0 = Release|Any CPU
		{7FB1905C-06D4-4C31-9103-70EC6C1C0B60}.AppStore|x86.ActiveCfg = Release|Any CPU
		{7FB1905C-06D4-4C31-9103-70EC6C1C0B60}.AppStore|x86.Build.0 = Release|Any CPU
		{7FB1905C-06D4-4C31-9103-70EC6C1C0B60}.Debug|Any CPU.ActiveCfg = Debug|Any CPU
		{7FB1905C-06D4-4C31-9103-70EC6C1C0B60}.Debug|Any CPU.Build.0 = Debug|Any CPU
		{7FB1905C-06D4-4C31-9103-70EC6C1C0B60}.Debug|ARM.ActiveCfg = Debug|Any CPU
		{7FB1905C-06D4-4C31-9103-70EC6C1C0B60}.Debug|ARM.Build.0 = Debug|Any CPU
		{7FB1905C-06D4-4C31-9103-70EC6C1C0B60}.Debug|iPhone.ActiveCfg = Debug|Any CPU
		{7FB1905C-06D4-4C31-9103-70EC6C1C0B60}.Debug|iPhone.Build.0 = Debug|Any CPU
		{7FB1905C-06D4-4C31-9103-70EC6C1C0B60}.Debug|iPhoneSimulator.ActiveCfg = Debug|Any CPU
		{7FB1905C-06D4-4C31-9103-70EC6C1C0B60}.Debug|iPhoneSimulator.Build.0 = Debug|Any CPU
		{7FB1905C-06D4-4C31-9103-70EC6C1C0B60}.Debug|x64.ActiveCfg = Debug|Any CPU
		{7FB1905C-06D4-4C31-9103-70EC6C1C0B60}.Debug|x64.Build.0 = Debug|Any CPU
		{7FB1905C-06D4-4C31-9103-70EC6C1C0B60}.Debug|x86.ActiveCfg = Debug|Any CPU
		{7FB1905C-06D4-4C31-9103-70EC6C1C0B60}.Debug|x86.Build.0 = Debug|Any CPU
		{7FB1905C-06D4-4C31-9103-70EC6C1C0B60}.Release|Any CPU.ActiveCfg = Release|Any CPU
		{7FB1905C-06D4-4C31-9103-70EC6C1C0B60}.Release|Any CPU.Build.0 = Release|Any CPU
		{7FB1905C-06D4-4C31-9103-70EC6C1C0B60}.Release|ARM.ActiveCfg = Release|Any CPU
		{7FB1905C-06D4-4C31-9103-70EC6C1C0B60}.Release|ARM.Build.0 = Release|Any CPU
		{7FB1905C-06D4-4C31-9103-70EC6C1C0B60}.Release|iPhone.ActiveCfg = Release|Any CPU
		{7FB1905C-06D4-4C31-9103-70EC6C1C0B60}.Release|iPhone.Build.0 = Release|Any CPU
		{7FB1905C-06D4-4C31-9103-70EC6C1C0B60}.Release|iPhoneSimulator.ActiveCfg = Release|Any CPU
		{7FB1905C-06D4-4C31-9103-70EC6C1C0B60}.Release|iPhoneSimulator.Build.0 = Release|Any CPU
		{7FB1905C-06D4-4C31-9103-70EC6C1C0B60}.Release|x64.ActiveCfg = Release|Any CPU
		{7FB1905C-06D4-4C31-9103-70EC6C1C0B60}.Release|x64.Build.0 = Release|Any CPU
		{7FB1905C-06D4-4C31-9103-70EC6C1C0B60}.Release|x86.ActiveCfg = Release|Any CPU
		{7FB1905C-06D4-4C31-9103-70EC6C1C0B60}.Release|x86.Build.0 = Release|Any CPU
	EndGlobalSection
	GlobalSection(SolutionProperties) = preSolution
		HideSolutionNode = FALSE
	EndGlobalSection
	GlobalSection(ExtensibilityGlobals) = postSolution
		SolutionGuid = {8DAE705E-DEBF-496B-BC8C-5A6565106416}
	EndGlobalSection
EndGlobal
